
Microsoft Visual Studio Solution File, Format Version 12.00
# Visual Studio Version 17
VisualStudioVersion = 17.5.002.0
MinimumVisualStudioVersion = 10.0.40219.1
Project("{9A19103F-16F7-4668-BE54-9A1E7A4F7556}") = "APIAcademiaEnCasa", "APIAcademiaEnCasa.csproj", "{0E25C75D-5510-47A3-9C08-3EFBBAF60113}"
EndProject
Global
	GlobalSection(SolutionConfigurationPlatforms) = preSolution
		Debug|Any CPU = Debug|Any CPU
		Release|Any CPU = Release|Any CPU
	EndGlobalSection
	GlobalSection(ProjectConfigurationPlatforms) = postSolution
		{0E25C75D-5510-47A3-9C08-3EFBBAF60113}.Debug|Any CPU.ActiveCfg = Debug|Any CPU
		{0E25C75D-5510-47A3-9C08-3EFBBAF60113}.Debug|Any CPU.Build.0 = Debug|Any CPU
		{0E25C75D-5510-47A3-9C08-3EFBBAF60113}.Release|Any CPU.ActiveCfg = Release|Any CPU
		{0E25C75D-5510-47A3-9C08-3EFBBAF60113}.Release|Any CPU.Build.0 = Release|Any CPU
	EndGlobalSection
	GlobalSection(SolutionProperties) = preSolution
		HideSolutionNode = FALSE
	EndGlobalSection
	GlobalSection(ExtensibilityGlobals) = postSolution
		SolutionGuid = {AA7F9E65-662E-4679-9147-E6E56A684D55}
	EndGlobalSection
EndGlobal
